
Microsoft Visual Studio Solution File, Format Version 12.00
# Visual Studio Version 17
VisualStudioVersion = 17.3.32929.385
MinimumVisualStudioVersion = 10.0.40219.1
Project("{9A19103F-16F7-4668-BE54-9A1E7A4F7556}") = "Oem_Check", "src\Oem_Check\Oem_Check.csproj", "{1C8B12B5-352C-4D4D-B4FD-A0F2EE990E14}"
EndProject
Global
	GlobalSection(SolutionConfigurationPlatforms) = preSolution
		Debug|Any CPU = Debug|Any CPU
		Release|Any CPU = Release|Any CPU
	EndGlobalSection
	GlobalSection(ProjectConfigurationPlatforms) = postSolution
		{1C8B12B5-352C-4D4D-B4FD-A0F2EE990E14}.Debug|Any CPU.ActiveCfg = Debug|Any CPU
		{1C8B12B5-352C-4D4D-B4FD-A0F2EE990E14}.Debug|Any CPU.Build.0 = Debug|Any CPU
		{1C8B12B5-352C-4D4D-B4FD-A0F2EE990E14}.Release|Any CPU.ActiveCfg = Release|Any CPU
		{1C8B12B5-352C-4D4D-B4FD-A0F2EE990E14}.Release|Any CPU.Build.0 = Release|Any CPU
	EndGlobalSection
	GlobalSection(SolutionProperties) = preSolution
		HideSolutionNode = FALSE
	EndGlobalSection
	GlobalSection(ExtensibilityGlobals) = postSolution
		SolutionGuid = {0A4E3B5C-B323-41BB-AA85-7AEF441E9A6D}
	EndGlobalSection
EndGlobal
